
Microsoft Visual Studio Solution File, Format Version 12.00
# Visual Studio 14
VisualStudioVersion = 14.0.25420.1
MinimumVisualStudioVersion = 10.0.40219.1
Project("{2150E333-8FDC-42A3-9474-1A3956D46DE8}") = "src", "src", "{65BDCC89-024B-4F7A-AF92-0858E650D982}"
EndProject
Project("{2150E333-8FDC-42A3-9474-1A3956D46DE8}") = "Solution Items", "Solution Items", "{403B9DD6-68E1-48F5-8A14-70CAFD15B6B5}"
	ProjectSection(SolutionItems) = preProject
		global.json = global.json
	EndProjectSection
EndProject
Project("{8BB2217D-0F2D-49D1-97BC-3654ED321F3B}") = "EdisonBrick", "src\WbsServer\EdisonBrick.xproj", "{C52C3B48-6B28-4FA8-82F7-0D0BCEC4530A}"
EndProject
Global
	GlobalSection(SolutionConfigurationPlatforms) = preSolution
		Debug|Any CPU = Debug|Any CPU
		Release|Any CPU = Release|Any CPU
	EndGlobalSection
	GlobalSection(ProjectConfigurationPlatforms) = postSolution
		{C52C3B48-6B28-4FA8-82F7-0D0BCEC4530A}.Debug|Any CPU.ActiveCfg = Debug|Any CPU
		{C52C3B48-6B28-4FA8-82F7-0D0BCEC4530A}.Debug|Any CPU.Build.0 = Debug|Any CPU
		{C52C3B48-6B28-4FA8-82F7-0D0BCEC4530A}.Release|Any CPU.ActiveCfg = Release|Any CPU
		{C52C3B48-6B28-4FA8-82F7-0D0BCEC4530A}.Release|Any CPU.Build.0 = Release|Any CPU
	EndGlobalSection
	GlobalSection(SolutionProperties) = preSolution
		HideSolutionNode = FALSE
	EndGlobalSection
	GlobalSection(NestedProjects) = preSolution
		{C52C3B48-6B28-4FA8-82F7-0D0BCEC4530A} = {65BDCC89-024B-4F7A-AF92-0858E650D982}
	EndGlobalSection
EndGlobal
